
Microsoft Visual Studio Solution File, Format Version 12.00
# Visual Studio Version 17
VisualStudioVersion = 17.0.32014.148
MinimumVisualStudioVersion = 10.0.40219.1
Project("{FAE04EC0-301F-11D3-BF4B-00C04F79EFBC}") = "lesson6", "lesson6\lesson6.csproj", "{8A614D04-9ED5-48F5-9B4B-EAFA20876243}"
EndProject
Global
	GlobalSection(SolutionConfigurationPlatforms) = preSolution
		Debug|Any CPU = Debug|Any CPU
		Release|Any CPU = Release|Any CPU
	EndGlobalSection
	GlobalSection(ProjectConfigurationPlatforms) = postSolution
		{8A614D04-9ED5-48F5-9B4B-EAFA20876243}.Debug|Any CPU.ActiveCfg = Debug|Any CPU
		{8A614D04-9ED5-48F5-9B4B-EAFA20876243}.Debug|Any CPU.Build.0 = Debug|Any CPU
		{8A614D04-9ED5-48F5-9B4B-EAFA20876243}.Release|Any CPU.ActiveCfg = Release|Any CPU
		{8A614D04-9ED5-48F5-9B4B-EAFA20876243}.Release|Any CPU.Build.0 = Release|Any CPU
	EndGlobalSection
	GlobalSection(SolutionProperties) = preSolution
		HideSolutionNode = FALSE
	EndGlobalSection
	GlobalSection(ExtensibilityGlobals) = postSolution
		SolutionGuid = {E27F3C98-B769-4C5C-8918-7AE3987AC07B}
	EndGlobalSection
EndGlobal
